
Microsoft Visual Studio Solution File, Format Version 12.00
# Visual Studio Version 16
VisualStudioVersion = 16.0.33214.272
MinimumVisualStudioVersion = 10.0.40219.1
Project("{FAE04EC0-301F-11D3-BF4B-00C04F79EFBC}") = "tictaktoe2", "tictaktoe2\tictaktoe2.csproj", "{3597AC73-BEFE-4D9C-9319-0DABEAC9FF50}"
EndProject
Global
	GlobalSection(SolutionConfigurationPlatforms) = preSolution
		Debug|Any CPU = Debug|Any CPU
		Release|Any CPU = Release|Any CPU
	EndGlobalSection
	GlobalSection(ProjectConfigurationPlatforms) = postSolution
		{3597AC73-BEFE-4D9C-9319-0DABEAC9FF50}.Debug|Any CPU.ActiveCfg = Debug|Any CPU
		{3597AC73-BEFE-4D9C-9319-0DABEAC9FF50}.Debug|Any CPU.Build.0 = Debug|Any CPU
		{3597AC73-BEFE-4D9C-9319-0DABEAC9FF50}.Release|Any CPU.ActiveCfg = Release|Any CPU
		{3597AC73-BEFE-4D9C-9319-0DABEAC9FF50}.Release|Any CPU.Build.0 = Release|Any CPU
	EndGlobalSection
	GlobalSection(SolutionProperties) = preSolution
		HideSolutionNode = FALSE
	EndGlobalSection
	GlobalSection(ExtensibilityGlobals) = postSolution
		SolutionGuid = {3ACF8814-8A40-414B-AA54-409E5FFF399B}
	EndGlobalSection
EndGlobal
